
Microsoft Visual Studio Solution File, Format Version 12.00
# Visual Studio Version 16
VisualStudioVersion = 16.0.30204.135
MinimumVisualStudioVersion = 10.0.40219.1
Project("{FAE04EC0-301F-11D3-BF4B-00C04F79EFBC}") = "RobotsVSDino", "RobotsVSDino\RobotsVSDino.csproj", "{025E6D4E-2468-4517-AFF6-F3393333878C}"
EndProject
Global
	GlobalSection(SolutionConfigurationPlatforms) = preSolution
		Debug|Any CPU = Debug|Any CPU
		Release|Any CPU = Release|Any CPU
	EndGlobalSection
	GlobalSection(ProjectConfigurationPlatforms) = postSolution
		{025E6D4E-2468-4517-AFF6-F3393333878C}.Debug|Any CPU.ActiveCfg = Debug|Any CPU
		{025E6D4E-2468-4517-AFF6-F3393333878C}.Debug|Any CPU.Build.0 = Debug|Any CPU
		{025E6D4E-2468-4517-AFF6-F3393333878C}.Release|Any CPU.ActiveCfg = Release|Any CPU
		{025E6D4E-2468-4517-AFF6-F3393333878C}.Release|Any CPU.Build.0 = Release|Any CPU
	EndGlobalSection
	GlobalSection(SolutionProperties) = preSolution
		HideSolutionNode = FALSE
	EndGlobalSection
	GlobalSection(ExtensibilityGlobals) = postSolution
		SolutionGuid = {8CCFF78E-5ECB-434B-86F5-BAFC5C12080F}
	EndGlobalSection
EndGlobal
